{
    "_meta": {
        "hash": {
            "sha256": "545e7b4aab2e8cb701ac5f7d2bdff7f9959cf4acfe9339a39e7038f2d2719721"
        },
        "pipfile-spec": 6,
        "requires": {
            "python_version": "3.7"
        },
        "sources": [
            {
                "name": "pypi",
                "url": "https://pypi.org/simple",
                "verify_ssl": true
            }
        ]
    },
    "default": {
        "click": {
            "hashes": [
                "sha256:8c04c11192119b1ef78ea049e0a6f0463e4c48ef00a30160c704337586f3ad7a",
                "sha256:fba402a4a47334742d782209a7c79bc448911afe1149d07bdabdf480b3e2f4b6"
            ],
            "markers": "python_version >= '3.6'",
            "version": "==8.0.1"
        },
        "importlib-metadata": {
            "hashes": [
                "sha256:b618b6d2d5ffa2f16add5697cf57a46c76a56229b0ed1c438322e4e95645bd15",
                "sha256:f284b3e11256ad1e5d03ab86bb2ccd6f5339688ff17a4d797a0fe7df326f23b1"
            ],
            "markers": "python_version < '3.8'",
            "version": "==4.8.1"
        },
        "joblib": {
            "hashes": [
                "sha256:9c17567692206d2f3fb9ecf5e991084254fe631665c450b443761c4186a613f7",
                "sha256:feeb1ec69c4d45129954f1b7034954241eedfd6ba39b5e9e4b6883be3332d5e5"
            ],
            "markers": "python_version >= '3.6'",
            "version": "==1.0.1"
        },
        "nltk": {
            "hashes": [
                "sha256:5db64a976e88cef0db9200c7f25aeceba8a86efbe09cc824f01a6d3163f7e937",
                "sha256:665225d585367f64a73ff1cb436964b425304dc772406653412e19dfe0157688"
            ],
            "index": "pypi",
            "version": "==3.6.3"
        },
        "numpy": {
            "hashes": [
                "sha256:1980f8d84548d74921685f68096911585fee393975f53797614b34d4f409b6da",
                "sha256:22752cd809272671b273bb86df0f505f505a12368a3a5fc0aa811c7ece4dfd5c",
                "sha256:23cc40313036cffd5d1873ef3ce2e949bdee0646c5d6f375bf7ee4f368db2511",
                "sha256:2b0b118ff547fecabc247a2668f48f48b3b1f7d63676ebc5be7352a5fd9e85a5",
                "sha256:3a0bd1edf64f6a911427b608a894111f9fcdb25284f724016f34a84c9a3a6ea9",
                "sha256:3f25f6c7b0d000017e5ac55977a3999b0b1a74491eacb3c1aa716f0e01f6dcd1",
                "sha256:4061c79ac2230594a7419151028e808239450e676c39e58302ad296232e3c2e8",
                "sha256:560ceaa24f971ab37dede7ba030fc5d8fa173305d94365f814d9523ffd5d5916",
                "sha256:62be044cd58da2a947b7e7b2252a10b42920df9520fc3d39f5c4c70d5460b8ba",
                "sha256:6c692e3879dde0b67a9dc78f9bfb6f61c666b4562fd8619632d7043fb5b691b0",
                "sha256:6f65e37b5a331df950ef6ff03bd4136b3c0bbcf44d4b8e99135d68a537711b5a",
                "sha256:7a78cc4ddb253a55971115f8320a7ce28fd23a065fc33166d601f51760eecfa9",
                "sha256:80a41edf64a3626e729a62df7dd278474fc1726836552b67a8c6396fd7e86760",
                "sha256:893f4d75255f25a7b8516feb5766c6b63c54780323b9bd4bc51cdd7efc943c73",
                "sha256:972ea92f9c1b54cc1c1a3d8508e326c0114aaf0f34996772a30f3f52b73b942f",
                "sha256:9f1d4865436f794accdabadc57a8395bd3faa755449b4f65b88b7df65ae05f89",
                "sha256:9f4cd7832b35e736b739be03b55875706c8c3e5fe334a06210f1a61e5c2c8ca5",
                "sha256:adab43bf657488300d3aeeb8030d7f024fcc86e3a9b8848741ea2ea903e56610",
                "sha256:bd2834d496ba9b1bdda3a6cf3de4dc0d4a0e7be306335940402ec95132ad063d",
                "sha256:d20c0360940f30003a23c0adae2fe50a0a04f3e48dc05c298493b51fd6280197",
                "sha256:d3b3ed87061d2314ff3659bb73896e622252da52558f2380f12c421fbdee3d89",
                "sha256:dc235bf29a406dfda5790d01b998a1c01d7d37f449128c0b1b7d1c89a84fae8b",
                "sha256:fb3c83554f39f48f3fa3123b9c24aecf681b1c289f9334f8215c1d3c8e2f6e5b"
            ],
            "index": "pypi",
            "version": "==1.16.2"
        },
        "pytorch-ignite": {
            "hashes": [
                "sha256:2aa126249855e67f31e9a800ecd5c9742dde5ad9b0372f792a21d70fc01c723b",
                "sha256:3c9705873742a0b78ef70ed518317232df8672e591bf612cd04fc2f4922e09fc",
                "sha256:f9bdbbb52c9fc6482a892b87b4b665fb66fb355807f7bd644615d5bce0d383e2"
            ],
            "index": "pypi",
            "version": "==0.1.2"
        },
        "pyxdameraulevenshtein": {
            "hashes": [
                "sha256:ef5d47cd588568a04eb83005ae9d7e47962411b31ea40fa511923caeef336653",
                "sha256:f88afcc8cb66a05290fb3b159c474a245b05f5061706fd1863ae097ebe55c907"
            ],
            "index": "pypi",
            "version": "==1.5.3"
        },
        "regex": {
            "hashes": [
                "sha256:0628ed7d6334e8f896f882a5c1240de8c4d9b0dd7c7fb8e9f4692f5684b7d656",
                "sha256:09eb62654030f39f3ba46bc6726bea464069c29d00a9709e28c9ee9623a8da4a",
                "sha256:0bba1f6df4eafe79db2ecf38835c2626dbd47911e0516f6962c806f83e7a99ae",
                "sha256:10a7a9cbe30bd90b7d9a1b4749ef20e13a3528e4215a2852be35784b6bd070f0",
                "sha256:17310b181902e0bb42b29c700e2c2346b8d81f26e900b1328f642e225c88bce1",
                "sha256:1e8d1898d4fb817120a5f684363b30108d7b0b46c7261264b100d14ec90a70e7",
                "sha256:2054dea683f1bda3a804fcfdb0c1c74821acb968093d0be16233873190d459e3",
                "sha256:29385c4dbb3f8b3a55ce13de6a97a3d21bd00de66acd7cdfc0b49cb2f08c906c",
                "sha256:295bc8a13554a25ad31e44c4bedabd3c3e28bba027e4feeb9bb157647a2344a7",
                "sha256:2cdb3789736f91d0b3333ac54d12a7e4f9efbc98f53cb905d3496259a893a8b3",
                "sha256:3baf3eaa41044d4ced2463fd5d23bf7bd4b03d68739c6c99a59ce1f95599a673",
                "sha256:4e61100200fa6ab7c99b61476f9f9653962ae71b931391d0264acfb4d9527d9c",
                "sha256:6266fde576e12357b25096351aac2b4b880b0066263e7bc7a9a1b4307991bb0e",
                "sha256:650c4f1fc4273f4e783e1d8e8b51a3e2311c2488ba0fcae6425b1e2c248a189d",
                "sha256:658e3477676009083422042c4bac2bdad77b696e932a3de001c42cc046f8eda2",
                "sha256:6adc1bd68f81968c9d249aab8c09cdc2cbe384bf2d2cb7f190f56875000cdc72",
                "sha256:6c4d83d21d23dd854ffbc8154cf293f4e43ba630aa9bd2539c899343d7f59da3",
                "sha256:6f74b6d8f59f3cfb8237e25c532b11f794b96f5c89a6f4a25857d85f84fbef11",
                "sha256:7783d89bd5413d183a38761fbc68279b984b9afcfbb39fa89d91f63763fbfb90",
                "sha256:7e3536f305f42ad6d31fc86636c54c7dafce8d634e56fef790fbacb59d499dd5",
                "sha256:821e10b73e0898544807a0692a276e539e5bafe0a055506a6882814b6a02c3ec",
                "sha256:835962f432bce92dc9bf22903d46c50003c8d11b1dc64084c8fae63bca98564a",
                "sha256:85c61bee5957e2d7be390392feac7e1d7abd3a49cbaed0c8cee1541b784c8561",
                "sha256:86f9931eb92e521809d4b64ec8514f18faa8e11e97d6c2d1afa1bcf6c20a8eab",
                "sha256:8a5c2250c0a74428fd5507ae8853706fdde0f23bfb62ee1ec9418eeacf216078",
                "sha256:8aec4b4da165c4a64ea80443c16e49e3b15df0f56c124ac5f2f8708a65a0eddc",
                "sha256:8c268e78d175798cd71d29114b0a1f1391c7d011995267d3b62319ec1a4ecaa1",
                "sha256:8d80087320632457aefc73f686f66139801959bf5b066b4419b92be85be3543c",
                "sha256:95e89a8558c8c48626dcffdf9c8abac26b7c251d352688e7ab9baf351e1c7da6",
                "sha256:9c371dd326289d85906c27ec2bc1dcdedd9d0be12b543d16e37bad35754bde48",
                "sha256:9c7cb25adba814d5f419733fe565f3289d6fa629ab9e0b78f6dff5fa94ab0456",
                "sha256:a731552729ee8ae9c546fb1c651c97bf5f759018fdd40d0e9b4d129e1e3a44c8",
                "sha256:aea4006b73b555fc5bdb650a8b92cf486d678afa168cf9b38402bb60bf0f9c18",
                "sha256:b0e3f59d3c772f2c3baaef2db425e6fc4149d35a052d874bb95ccfca10a1b9f4",
                "sha256:b15dc34273aefe522df25096d5d087abc626e388a28a28ac75a4404bb7668736",
                "sha256:c000635fd78400a558bd7a3c2981bb2a430005ebaa909d31e6e300719739a949",
                "sha256:c31f35a984caffb75f00a86852951a337540b44e4a22171354fb760cefa09346",
                "sha256:c50a6379763c733562b1fee877372234d271e5c78cd13ade5f25978aa06744db",
                "sha256:c94722bf403b8da744b7d0bb87e1f2529383003ceec92e754f768ef9323f69ad",
                "sha256:dcbbc9cfa147d55a577d285fd479b43103188855074552708df7acc31a476dd9",
                "sha256:fb9f5844db480e2ef9fce3a72e71122dd010ab7b2920f777966ba25f7eb63819"
            ],
            "version": "==2021.9.24"
        },
        "tabulate": {
            "hashes": [
                "sha256:8af07a39377cee1103a5c8b3330a421c2d99b9141e9cc5ddd2e3263fea416943"
            ],
            "index": "pypi",
            "version": "==0.8.3"
        },
        "torch": {
            "hashes": [
                "sha256:2e04bcc8b6536ba01a924cbcfb9eff2428be6c9cc73956df38dfcf63c948fbf5",
                "sha256:40ad926ebdef6db70811102ae1448584a0c338a2fce2ff718533b9016664398e",
                "sha256:43e40d9cf70d038fe9a9c06eaadf3f39756fe76a530a0bd1dec9f21654ee5851",
                "sha256:639e9414cd3a787c807206199bf3285815a41fac9b2e20aca0db9a971db5399e",
                "sha256:652b70751bbe974370feff27f51b6cd7856c14a57eb06fdd1c9f2dfcc2731401",
                "sha256:7822918f3d32a99db2bb5616a5c28d989d6e4b6a54d720cb25e60551dacafa1e",
                "sha256:96fd5e8ffc117f79d1baaa65da601d35411f341d90d8ca1204236925f164b043",
                "sha256:a002d509e98a3ea17f45affc5c440808d7ac119d7510bb27da7b184aafb59943",
                "sha256:c8dd2478d3e8c0da293c618be60432bb166fe36c50663e26b1fe9e7123365fe5"
            ],
            "index": "pypi",
            "version": "==1.0.1.post2"
        },
        "tqdm": {
            "hashes": [
                "sha256:8dd278a422499cd6b727e6ae4061c40b48fce8b76d1ccbf5d34fca9b7f925b0c",
                "sha256:d359de7217506c9851b7869f3708d8ee53ed70a1b8edbba4dbcb47442592920d"
            ],
            "markers": "python_version >= '2.7' and python_version not in '3.0, 3.1, 3.2, 3.3'",
            "version": "==4.62.3"
        },
        "typing-extensions": {
            "hashes": [
                "sha256:49f75d16ff11f1cd258e1b988ccff82a3ca5570217d7ad8c5f48205dd99a677e",
                "sha256:d8226d10bc02a29bcc81df19a26e56a9647f8b0a6d4a83924139f4a8b01f17b7",
                "sha256:f1d25edafde516b146ecd0613dabcc61409817af4766fbbcfb8d1ad4ec441a34"
            ],
            "markers": "python_version < '3.8'",
            "version": "==3.10.0.2"
        },
        "word2number": {
            "hashes": [
                "sha256:70e27a5d387f67b04c71fbb7621c05930b19bfd26efd6851e6e0f9969dcde7d0"
            ],
            "index": "pypi",
            "version": "==1.1"
        },
        "zipp": {
            "hashes": [
                "sha256:71c644c5369f4a6e07636f0aa966270449561fcea2e3d6747b8d23efaa9d7832",
                "sha256:9fe5ea21568a0a70e50f273397638d39b03353731e6cbbb3fd8502a33fec40bc"
            ],
            "markers": "python_version >= '3.6'",
            "version": "==3.6.0"
        }
    },
    "develop": {}
}
